
Microsoft Visual Studio Solution File, Format Version 12.00
# Visual Studio 15
VisualStudioVersion = 15.0.28307.852
MinimumVisualStudioVersion = 10.0.40219.1
Project("{FAE04EC0-301F-11D3-BF4B-00C04F79EFBC}") = "LabControls", "LabControls\LabControls.csproj", "{BDB5C928-8373-4F3C-BD51-590A033BCC39}"
EndProject
Project("{FAE04EC0-301F-11D3-BF4B-00C04F79EFBC}") = "TestControlsApplication", "TestControlsApplication\TestControlsApplication.csproj", "{3D2B97EE-8870-47F4-AB58-0A55761FA25D}"
EndProject
Project("{FAE04EC0-301F-11D3-BF4B-00C04F79EFBC}") = "PluginInterface", "PluginInterface\PluginInterface.csproj", "{15D6A562-3861-4338-B4AF-AC0DDB11E71E}"
EndProject
Project("{9A19103F-16F7-4668-BE54-9A1E7A4F7556}") = "ClassLibrary", "ClassLibrary\ClassLibrary.csproj", "{75B655AD-2BB7-427B-A59B-E657297A492F}"
EndProject
Project("{FAE04EC0-301F-11D3-BF4B-00C04F79EFBC}") = "NotebookAPI", "NotebookAPI\NotebookAPI.csproj", "{79B2A4BE-D10E-42D1-B04C-2BFD1E340F86}"
EndProject
Global
	GlobalSection(SolutionConfigurationPlatforms) = preSolution
		Debug|Any CPU = Debug|Any CPU
		Release|Any CPU = Release|Any CPU
	EndGlobalSection
	GlobalSection(ProjectConfigurationPlatforms) = postSolution
		{BDB5C928-8373-4F3C-BD51-590A033BCC39}.Debug|Any CPU.ActiveCfg = Debug|Any CPU
		{BDB5C928-8373-4F3C-BD51-590A033BCC39}.Debug|Any CPU.Build.0 = Debug|Any CPU
		{BDB5C928-8373-4F3C-BD51-590A033BCC39}.Release|Any CPU.ActiveCfg = Release|Any CPU
		{BDB5C928-8373-4F3C-BD51-590A033BCC39}.Release|Any CPU.Build.0 = Release|Any CPU
		{3D2B97EE-8870-47F4-AB58-0A55761FA25D}.Debug|Any CPU.ActiveCfg = Debug|Any CPU
		{3D2B97EE-8870-47F4-AB58-0A55761FA25D}.Debug|Any CPU.Build.0 = Debug|Any CPU
		{3D2B97EE-8870-47F4-AB58-0A55761FA25D}.Release|Any CPU.ActiveCfg = Release|Any CPU
		{3D2B97EE-8870-47F4-AB58-0A55761FA25D}.Release|Any CPU.Build.0 = Release|Any CPU
		{15D6A562-3861-4338-B4AF-AC0DDB11E71E}.Debug|Any CPU.ActiveCfg = Debug|Any CPU
		{15D6A562-3861-4338-B4AF-AC0DDB11E71E}.Debug|Any CPU.Build.0 = Debug|Any CPU
		{15D6A562-3861-4338-B4AF-AC0DDB11E71E}.Release|Any CPU.ActiveCfg = Release|Any CPU
		{15D6A562-3861-4338-B4AF-AC0DDB11E71E}.Release|Any CPU.Build.0 = Release|Any CPU
		{75B655AD-2BB7-427B-A59B-E657297A492F}.Debug|Any CPU.ActiveCfg = Debug|Any CPU
		{75B655AD-2BB7-427B-A59B-E657297A492F}.Debug|Any CPU.Build.0 = Debug|Any CPU
		{75B655AD-2BB7-427B-A59B-E657297A492F}.Release|Any CPU.ActiveCfg = Release|Any CPU
		{75B655AD-2BB7-427B-A59B-E657297A492F}.Release|Any CPU.Build.0 = Release|Any CPU
		{79B2A4BE-D10E-42D1-B04C-2BFD1E340F86}.Debug|Any CPU.ActiveCfg = Debug|Any CPU
		{79B2A4BE-D10E-42D1-B04C-2BFD1E340F86}.Debug|Any CPU.Build.0 = Debug|Any CPU
		{79B2A4BE-D10E-42D1-B04C-2BFD1E340F86}.Release|Any CPU.ActiveCfg = Release|Any CPU
		{79B2A4BE-D10E-42D1-B04C-2BFD1E340F86}.Release|Any CPU.Build.0 = Release|Any CPU
	EndGlobalSection
	GlobalSection(SolutionProperties) = preSolution
		HideSolutionNode = FALSE
	EndGlobalSection
	GlobalSection(ExtensibilityGlobals) = postSolution
		SolutionGuid = {07268C2D-0CD0-466E-8E18-265E89899803}
	EndGlobalSection
EndGlobal
